
Microsoft Visual Studio Solution File, Format Version 12.00
# Visual Studio Version 17
VisualStudioVersion = 17.0.31903.59
MinimumVisualStudioVersion = 10.0.40219.1
Project("{9A19103F-16F7-4668-BE54-9A1E7A4F7556}") = "HandControl.App", "HandControl.App\HandControl.App.csproj", "{6AD57038-8EA4-4F28-ACA7-80085758AE31}"
EndProject
Project("{9A19103F-16F7-4668-BE54-9A1E7A4F7556}") = "HandControl.CursorRemote", "HandControl.CursorRemote\HandControl.CursorRemote.csproj", "{BB7BA067-47B2-49ED-91C5-D9944496EF6D}"
EndProject
Global
	GlobalSection(SolutionConfigurationPlatforms) = preSolution
		Debug|Any CPU = Debug|Any CPU
		Debug|ARM = Debug|ARM
		Debug|ARM64 = Debug|ARM64
		Debug|x64 = Debug|x64
		Debug|x86 = Debug|x86
		Release|Any CPU = Release|Any CPU
		Release|ARM = Release|ARM
		Release|ARM64 = Release|ARM64
		Release|x64 = Release|x64
		Release|x86 = Release|x86
	EndGlobalSection
	GlobalSection(ProjectConfigurationPlatforms) = postSolution
		{6AD57038-8EA4-4F28-ACA7-80085758AE31}.Debug|Any CPU.ActiveCfg = Debug|Any CPU
		{6AD57038-8EA4-4F28-ACA7-80085758AE31}.Debug|Any CPU.Build.0 = Debug|Any CPU
		{6AD57038-8EA4-4F28-ACA7-80085758AE31}.Debug|ARM.ActiveCfg = Debug|Any CPU
		{6AD57038-8EA4-4F28-ACA7-80085758AE31}.Debug|ARM.Build.0 = Debug|Any CPU
		{6AD57038-8EA4-4F28-ACA7-80085758AE31}.Debug|ARM64.ActiveCfg = Debug|Any CPU
		{6AD57038-8EA4-4F28-ACA7-80085758AE31}.Debug|ARM64.Build.0 = Debug|Any CPU
		{6AD57038-8EA4-4F28-ACA7-80085758AE31}.Debug|x64.ActiveCfg = Debug|Any CPU
		{6AD57038-8EA4-4F28-ACA7-80085758AE31}.Debug|x64.Build.0 = Debug|Any CPU
		{6AD57038-8EA4-4F28-ACA7-80085758AE31}.Debug|x86.ActiveCfg = Debug|Any CPU
		{6AD57038-8EA4-4F28-ACA7-80085758AE31}.Debug|x86.Build.0 = Debug|Any CPU
		{6AD57038-8EA4-4F28-ACA7-80085758AE31}.Release|Any CPU.ActiveCfg = Release|Any CPU
		{6AD57038-8EA4-4F28-ACA7-80085758AE31}.Release|Any CPU.Build.0 = Release|Any CPU
		{6AD57038-8EA4-4F28-ACA7-80085758AE31}.Release|ARM.ActiveCfg = Release|Any CPU
		{6AD57038-8EA4-4F28-ACA7-80085758AE31}.Release|ARM.Build.0 = Release|Any CPU
		{6AD57038-8EA4-4F28-ACA7-80085758AE31}.Release|ARM64.ActiveCfg = Release|Any CPU
		{6AD57038-8EA4-4F28-ACA7-80085758AE31}.Release|ARM64.Build.0 = Release|Any CPU
		{6AD57038-8EA4-4F28-ACA7-80085758AE31}.Release|x64.ActiveCfg = Release|Any CPU
		{6AD57038-8EA4-4F28-ACA7-80085758AE31}.Release|x64.Build.0 = Release|Any CPU
		{6AD57038-8EA4-4F28-ACA7-80085758AE31}.Release|x86.ActiveCfg = Release|Any CPU
		{6AD57038-8EA4-4F28-ACA7-80085758AE31}.Release|x86.Build.0 = Release|Any CPU
		{BB7BA067-47B2-49ED-91C5-D9944496EF6D}.Debug|Any CPU.ActiveCfg = Debug|Any CPU
		{BB7BA067-47B2-49ED-91C5-D9944496EF6D}.Debug|Any CPU.Build.0 = Debug|Any CPU
		{BB7BA067-47B2-49ED-91C5-D9944496EF6D}.Debug|ARM.ActiveCfg = Debug|Any CPU
		{BB7BA067-47B2-49ED-91C5-D9944496EF6D}.Debug|ARM.Build.0 = Debug|Any CPU
		{BB7BA067-47B2-49ED-91C5-D9944496EF6D}.Debug|ARM64.ActiveCfg = Debug|Any CPU
		{BB7BA067-47B2-49ED-91C5-D9944496EF6D}.Debug|ARM64.Build.0 = Debug|Any CPU
		{BB7BA067-47B2-49ED-91C5-D9944496EF6D}.Debug|x64.ActiveCfg = Debug|Any CPU
		{BB7BA067-47B2-49ED-91C5-D9944496EF6D}.Debug|x64.Build.0 = Debug|Any CPU
		{BB7BA067-47B2-49ED-91C5-D9944496EF6D}.Debug|x86.ActiveCfg = Debug|Any CPU
		{BB7BA067-47B2-49ED-91C5-D9944496EF6D}.Debug|x86.Build.0 = Debug|Any CPU
		{BB7BA067-47B2-49ED-91C5-D9944496EF6D}.Release|Any CPU.ActiveCfg = Release|Any CPU
		{BB7BA067-47B2-49ED-91C5-D9944496EF6D}.Release|Any CPU.Build.0 = Release|Any CPU
		{BB7BA067-47B2-49ED-91C5-D9944496EF6D}.Release|ARM.ActiveCfg = Release|Any CPU
		{BB7BA067-47B2-49ED-91C5-D9944496EF6D}.Release|ARM.Build.0 = Release|Any CPU
		{BB7BA067-47B2-49ED-91C5-D9944496EF6D}.Release|ARM64.ActiveCfg = Release|Any CPU
		{BB7BA067-47B2-49ED-91C5-D9944496EF6D}.Release|ARM64.Build.0 = Release|Any CPU
		{BB7BA067-47B2-49ED-91C5-D9944496EF6D}.Release|x64.ActiveCfg = Release|Any CPU
		{BB7BA067-47B2-49ED-91C5-D9944496EF6D}.Release|x64.Build.0 = Release|Any CPU
		{BB7BA067-47B2-49ED-91C5-D9944496EF6D}.Release|x86.ActiveCfg = Release|Any CPU
		{BB7BA067-47B2-49ED-91C5-D9944496EF6D}.Release|x86.Build.0 = Release|Any CPU
	EndGlobalSection
	GlobalSection(SolutionProperties) = preSolution
		HideSolutionNode = FALSE
	EndGlobalSection
	GlobalSection(ExtensibilityGlobals) = postSolution
		SolutionGuid = {9F24F080-77F8-42D9-93D6-79A0D6A51345}
	EndGlobalSection
EndGlobal
